// !$*UTF8*$!
{
	archiveVersion = 1;
	classes = {
	};
	objectVersion = 42;
	objects = {
		D7BA7D76DAB5DD13389D6332 = {
			buildActionMask = 2147483647;
			files = (
				);
			generatedFileNames = (
				);
			isa = PBXShellScriptBuildPhase;
			name = "Qt Qmake";
			neededFileNames = (
				);
			shellPath = "/bin/sh";
			shellScript = "make\ -C\ /Users/tocas/Documents/CVUT/M2_OSP/filemanager\ -f\ filemanager.xcodeproj/qt_makeqmake.mak";
		};
		D2DECD5DD9C5AD736ED25C2A = {
			isa = PBXFileReference;
			name = "controler.cpp";
			path = "controler.cpp";
			refType = 4;
			lastKnownFileType = "sourcecode.cpp.cpp";
		};
		B7BE8DB31558DE02F85BD32A = {
			fileRef = "D2DECD5DD9C5AD736ED25C2A";
			isa = PBXBuildFile;
			settings = {
				ATTRIBUTES = (
					);
			};
		};
		C2E640ED0E46271555FB4834 = {
			isa = PBXFileReference;
			name = "CProgresDialog.cpp";
			path = "CProgresDialog.cpp";
			refType = 4;
			lastKnownFileType = "sourcecode.cpp.cpp";
		};
		2E2AD2397868400127724563 = {
			fileRef = "C2E640ED0E46271555FB4834";
			isa = PBXBuildFile;
			settings = {
				ATTRIBUTES = (
					);
			};
		};
		48F0A3E710479045FE3307D4 = {
			isa = PBXFileReference;
			name = "cthread.cpp";
			path = "cthread.cpp";
			refType = 4;
			lastKnownFileType = "sourcecode.cpp.cpp";
		};
		5406981D4DC2D7896946E3FD = {
			fileRef = "48F0A3E710479045FE3307D4";
			isa = PBXBuildFile;
			settings = {
				ATTRIBUTES = (
					);
			};
		};
		118FCBAABA162BA17933C789 = {
			isa = PBXFileReference;
			name = "main.cpp";
			path = "main.cpp";
			refType = 4;
			lastKnownFileType = "sourcecode.cpp.cpp";
		};
		2B093CA6F071B023A473CED0 = {
			fileRef = "118FCBAABA162BA17933C789";
			isa = PBXBuildFile;
			settings = {
				ATTRIBUTES = (
					);
			};
		};
		22B8EB497DD4812281107EF2 = {
			isa = PBXFileReference;
			name = "window.cpp";
			path = "window.cpp";
			refType = 4;
			lastKnownFileType = "sourcecode.cpp.cpp";
		};
		FC203E8953C53F09233D0CFC = {
			fileRef = "22B8EB497DD4812281107EF2";
			isa = PBXBuildFile;
			settings = {
				ATTRIBUTES = (
					);
			};
		};
		E35F38D520B08DF7D96AA78A = {
			isa = PBXFileReference;
			name = "moc_CProgresDialog.cpp";
			path = "moc_CProgresDialog.cpp";
			refType = 4;
			lastKnownFileType = "sourcecode.cpp.cpp";
		};
		7573418858F2AED6AAFD388F = {
			fileRef = "E35F38D520B08DF7D96AA78A";
			isa = PBXBuildFile;
			settings = {
				ATTRIBUTES = (
					);
			};
		};
		03CC4BA1004C618C58FF0257 = {
			isa = PBXFileReference;
			name = "moc_window.cpp";
			path = "moc_window.cpp";
			refType = 4;
			lastKnownFileType = "sourcecode.cpp.cpp";
		};
		A8726DBAB1708155C13A0A2A = {
			fileRef = "03CC4BA1004C618C58FF0257";
			isa = PBXBuildFile;
			settings = {
				ATTRIBUTES = (
					);
			};
		};
		4D2C1AE4DD89F05F481FA7B7 = {
			isa = PBXFileReference;
			name = "controler.h";
			path = "controler.h";
			refType = 4;
		};
		971E9F43E57EC7C25DAA42D9 = {
			isa = PBXFileReference;
			name = "CProgresDialog.h";
			path = "CProgresDialog.h";
			refType = 4;
		};
		6DCFD05A2FD1C1F12F05DF8F = {
			isa = PBXFileReference;
			name = "cthread.h";
			path = "cthread.h";
			refType = 4;
		};
		59F0EEF2DBB37BB97323FAE5 = {
			isa = PBXFileReference;
			name = "ui_progres_dialog.h";
			path = "ui_progres_dialog.h";
			refType = 4;
		};
		2B601351BBFD3F9918188CF7 = {
			isa = PBXFileReference;
			name = "window.h";
			path = "window.h";
			refType = 4;
		};
		D6256395DD6EC80C5F7182C8 = {
			isa = PBXFileReference;
			name = "filemanager.pro";
			path = "filemanager.pro";
			refType = 4;
		};
		883D7615C4D2DE3FA1218F12 = {
			isa = PBXGroup;
			children = (
				"4D2C1AE4DD89F05F481FA7B7",
				"971E9F43E57EC7C25DAA42D9",
				"6DCFD05A2FD1C1F12F05DF8F",
				"59F0EEF2DBB37BB97323FAE5",
				"2B601351BBFD3F9918188CF7");
			name = "Headers";
			refType = 4;
		};
		FB61758D0F0FDA4BA867C3D5 = {
			isa = PBXGroup;
			children = (
				"D2DECD5DD9C5AD736ED25C2A",
				"C2E640ED0E46271555FB4834",
				"48F0A3E710479045FE3307D4",
				"118FCBAABA162BA17933C789",
				"22B8EB497DD4812281107EF2");
			name = "Sources";
			refType = 4;
		};
		7CABE3C80E79AD2B307756D2 = {
			isa = PBXGroup;
			children = (
				"D6256395DD6EC80C5F7182C8");
			name = "Sources [qmake]";
			refType = 4;
		};
		46E892BBB6BB6952967E0561 = {
			isa = PBXGroup;
			children = (
				"E35F38D520B08DF7D96AA78A",
				"03CC4BA1004C618C58FF0257");
			name = "Temporary Sources";
			refType = 4;
		};
		A0A52A2ADF7A1E2A99738674 = {
			buildActionMask = 2147483647;
			files = (
				);
			generatedFileNames = (
				"B7BE8DB31558DE02F85BD32A",
				"2E2AD2397868400127724563",
				"5406981D4DC2D7896946E3FD",
				"2B093CA6F071B023A473CED0",
				"FC203E8953C53F09233D0CFC",
				"7573418858F2AED6AAFD388F",
				"A8726DBAB1708155C13A0A2A");
			isa = PBXShellScriptBuildPhase;
			name = "Qt Preprocessors";
			neededFileNames = (
				"B7BE8DB31558DE02F85BD32A",
				"2E2AD2397868400127724563",
				"5406981D4DC2D7896946E3FD",
				"2B093CA6F071B023A473CED0",
				"FC203E8953C53F09233D0CFC",
				"7573418858F2AED6AAFD388F",
				"A8726DBAB1708155C13A0A2A");
			shellPath = "/bin/sh";
			shellScript = "make\ -C\ /Users/tocas/Documents/CVUT/M2_OSP/filemanager\ -f\ filemanager.xcodeproj/qt_preprocess.mak";
		};
		C29B8785722055ED95EF7B57 = {
			buildActionMask = 2147483647;
			files = (
				"B7BE8DB31558DE02F85BD32A",
				"2E2AD2397868400127724563",
				"5406981D4DC2D7896946E3FD",
				"2B093CA6F071B023A473CED0",
				"FC203E8953C53F09233D0CFC",
				"7573418858F2AED6AAFD388F",
				"A8726DBAB1708155C13A0A2A");
			isa = PBXSourcesBuildPhase;
			name = "Build Sources";
		};
		9B36DA7E32F0304E780E7972 = {
			isa = PBXFrameworkReference;
			name = "QtGui.framework";
			path = "/Library/Frameworks/QtGui.framework";
			refType = 0;
		};
		501667F26B3C1FF6767A7C12 = {
			fileRef = "9B36DA7E32F0304E780E7972";
			isa = PBXBuildFile;
			settings = {
			};
		};
		7BC2E65A5E699A5E5D834CA2 = {
			isa = PBXFrameworkReference;
			name = "QtCore.framework";
			path = "/Library/Frameworks/QtCore.framework";
			refType = 0;
		};
		069D05B0128AE5DC7EE31738 = {
			fileRef = "7BC2E65A5E699A5E5D834CA2";
			isa = PBXBuildFile;
			settings = {
			};
		};
		ED1E82605DD74B483AF3C982 = {
			children = (
				"9B36DA7E32F0304E780E7972",
				"7BC2E65A5E699A5E5D834CA2");
			isa = PBXGroup;
			name = "External Frameworks and Libraries";
			path = "";
			refType = 4;
		};
		2A1043669E6E5A7426EA502A = {
			buildActionMask = 2147483647;
			files = (
				"501667F26B3C1FF6767A7C12",
				"069D05B0128AE5DC7EE31738");
			isa = PBXFrameworksBuildPhase;
			name = "Frameworks & Libraries";
		};
		3787F99312C85FF0073FD7BA = {
			buildActionMask = 2147483647;
			files = (
			);
			isa = PBXResourcesBuildPhase;
			name = "Bundle Resources";
		};
		F6069D5A5DA8AA28EDB8B3C6 = {
			name = "Project Copy";
			buildActionMask = 2147483647;
			dstPath = "/Users/tocas/Documents/CVUT/M2_OSP/filemanager";
			dstSubfolderSpec = 0;
			files = (
"07E0DFA73EB56DCB9E28CDD9");
			isa = PBXCopyFilesBuildPhase;
			runOnlyForDeploymentPostprocessing = 0;
		};
		07E0DFA73EB56DCB9E28CDD9 = {
			fileRef = "88B305CDA52566768ECE1FBD";
			isa = PBXBuildFile;
			settings = {
			};
		};
		05596AB53D8D521C69802C27 = {
			children = (
				"FB61758D0F0FDA4BA867C3D5",
				"46E892BBB6BB6952967E0561",
				"883D7615C4D2DE3FA1218F12",
				"7CABE3C80E79AD2B307756D2",
				"ED1E82605DD74B483AF3C982");
			isa = PBXGroup;
			name = "filemanager";
			path = "";
			refType = 4;
		};
		88B305CDA52566768ECE1FBD = {
			isa = PBXFileReference;
			explicitFileType = "wrapper.application";
			path = "filemanager.app";
			refType = 3;
			sourceTree = BUILT_PRODUCTS_DIR;
		};
		068F80C7519D0528FB08E821 = {
			children = (
				"88B305CDA52566768ECE1FBD");
			isa = PBXGroup;
			name = "Products";
			refType = 4;
		};
		9F21E3ACFF72BFB686600650 = {
			buildPhases = (
				"D7BA7D76DAB5DD13389D6332",
				"A0A52A2ADF7A1E2A99738674",
				"F6069D5A5DA8AA28EDB8B3C6",
				"C29B8785722055ED95EF7B57",
				"2A1043669E6E5A7426EA502A",
				"3787F99312C85FF0073FD7BA");
			buildSettings = {
				HEADER_SEARCH_PATHS = (
					"/Library/Frameworks/QtCore.framework/Versions/4/Headers",
					"/usr/include/QtCore",
					"/Library/Frameworks/QtGui.framework/Versions/4/Headers",
					"/usr/include/QtGui",
					"/usr/include",
					".",
					".",
					"/usr/local/include",
					"/System/Library/Frameworks/CarbonCore.framework/Headers",
					"/usr/local/Qt4.6/mkspecs/macx-xcode");
				LIBRARY_SEARCH_PATHS = (
					"/Library/Frameworks");
				OPTIMIZATION_CFLAGS = (
					);
				OTHER_CFLAGS = (
					"-pipe",
					"-g",
					"-Wall",
					"-W",
					"-DQT_GUI_LIB",
					"-DQT_CORE_LIB",
					"-DQT_SHARED");
				OTHER_CPLUSPLUSFLAGS = (
					"-pipe",
					"-g",
					"-Wall",
					"-W",
					"-DQT_GUI_LIB",
					"-DQT_CORE_LIB",
					"-DQT_SHARED");
				LEXFLAGS = "";
				YACCFLAGS = "-d";
				OTHER_REZFLAGS = "";
				SECTORDER_FLAGS = "";
				WARNING_CFLAGS = "";
				PREBINDING = NO;
				INFOPLIST_FILE = "Info.plist";
				BUILD_ROOT = "/Users/tocas/Documents/CVUT/M2_OSP/filemanager";
				OTHER_LDFLAGS = (
						"-headerpad_max_install_names",
						"-L/Library/Frameworks",
						"-F/Library/Frameworks");
				DYLIB_CURRENT_VERSION = "1.0.0";
				DYLIB_COMPATIBILITY_VERSION = "1.0";
				MACOSX_DEPLOYMENT_TARGET = "10.4";
				ARCHS = "i386";
				PRODUCT_NAME = "filemanager";
			};
			conditionalBuildSettings = {
			};
			dependencies = (
				);
			productReference = "88B305CDA52566768ECE1FBD";
			shouldUseHeadermap = 1;
			isa = PBXNativeTarget;
			productType = "com.apple.product-type.application";
			productSettingsXML = "<?xml version=\"1.0\" encoding=\"UTF-8\"?>
<!DOCTYPE plist SYSTEM \"file://localhost/System/Library/DTDs/PropertyList.dtd\">
<plist version=\"0.9\">
<dict>
	<key>CFBundleIconFile</key>
	<string></string>
	<key>CFBundlePackageType</key>
	<string>APPL</string>
    <key>CFBundleGetInfoString</key>
	<string>Created by Qt/QMake</string>
	<key>CFBundleSignature</key>
	<string>????</string>
	<key>CFBundleExecutable</key>
	<string>filemanager</string>
	<key>CFBundleIdentifier</key>
	<string>com.yourcompany.filemanager</string>
	<key>NOTE</key>
	<string>This file was generated by Qt/QMake.</string>
</dict>
</plist>
";
			name = "filemanager";
			productName = "filemanager";
			startupPath = "<<ProjectDirectory>>";
		};
		8DB1DD96F65B1BF1FFC506E0 = {
			isa = XCBuildConfiguration;
			buildSettings = {
				COPY_PHASE_STRIP = "NO";
				GCC_GENERATE_DEBUGGING_SYMBOLS = "YES";
				GCC_OPTIMIZATION_LEVEL = "0";
			};
			name = "Debug";
		};
		2C641C3335766025DD51B7BD = {
			buildRules = (
				);
			buildSettings = {
				COPY_PHASE_STRIP = "NO";
				GCC_GENERATE_DEBUGGING_SYMBOLS = "YES";
				GCC_OPTIMIZATION_LEVEL = "0";
			};
			isa = "PBXBuildStyle";
			name = "Debug";
		};
		95E1EB2E5DDD587BE5B3E548 = {
			isa = XCBuildConfiguration;
			buildSettings = {
				COPY_PHASE_STRIP = "YES";
				GCC_GENERATE_DEBUGGING_SYMBOLS = "NO";
			};
			name = "Release";
		};
		26DE8D2AEA4B3714B41E931F = {
			buildRules = (
				);
			buildSettings = {
				COPY_PHASE_STRIP = "YES";
				GCC_GENERATE_DEBUGGING_SYMBOLS = "NO";
			};
			isa = "PBXBuildStyle";
			name = "Release";
		};
		2A951308CDB28F104D0A4BD2 = {
			isa = XCConfigurationList;
			buildConfigurations = (
				"8DB1DD96F65B1BF1FFC506E0",
				"95E1EB2E5DDD587BE5B3E548");
			defaultConfigurationIsVisible = 0;
			defaultConfigurationIsName = "Debug";
		};
		91B15E841AA80083484172DE = {
			buildStyles = (
				"2C641C3335766025DD51B7BD",
				"26DE8D2AEA4B3714B41E931F");
			hasScannedForEncodings = 1;
			isa = PBXProject;
			mainGroup = "05596AB53D8D521C69802C27";
			buildConfigurationList = "2A951308CDB28F104D0A4BD2";
			projectDirPath = "";
			targets = (
				"9F21E3ACFF72BFB686600650");
		};
	};
	rootObject = "91B15E841AA80083484172DE";
}
